
Microsoft Visual Studio Solution File, Format Version 12.00
# Visual Studio Version 17
VisualStudioVersion = 17.8.34525.116
MinimumVisualStudioVersion = 10.0.40219.1
Project("{FAE04EC0-301F-11D3-BF4B-00C04F79EFBC}") = "IELTS_PRACTICE", "IELTS_PRACTICE.csproj", "{C2FED9A9-B6F8-49B1-80A3-12A7AAD3F8AB}"
EndProject
Global
	GlobalSection(SolutionConfigurationPlatforms) = preSolution
		Debug|Any CPU = Debug|Any CPU
		Release|Any CPU = Release|Any CPU
	EndGlobalSection
	GlobalSection(ProjectConfigurationPlatforms) = postSolution
		{C2FED9A9-B6F8-49B1-80A3-12A7AAD3F8AB}.Debug|Any CPU.ActiveCfg = Debug|Any CPU
		{C2FED9A9-B6F8-49B1-80A3-12A7AAD3F8AB}.Debug|Any CPU.Build.0 = Debug|Any CPU
		{C2FED9A9-B6F8-49B1-80A3-12A7AAD3F8AB}.Release|Any CPU.ActiveCfg = Release|Any CPU
		{C2FED9A9-B6F8-49B1-80A3-12A7AAD3F8AB}.Release|Any CPU.Build.0 = Release|Any CPU
	EndGlobalSection
	GlobalSection(SolutionProperties) = preSolution
		HideSolutionNode = FALSE
	EndGlobalSection
	GlobalSection(ExtensibilityGlobals) = postSolution
		SolutionGuid = {400C63F4-AD94-45A8-BF24-0DC85FA53B90}
	EndGlobalSection
EndGlobal
